
Microsoft Visual Studio Solution File, Format Version 12.00
# Visual Studio Version 17
VisualStudioVersion = 17.1.32421.90
MinimumVisualStudioVersion = 10.0.40219.1
Project("{FAE04EC0-301F-11D3-BF4B-00C04F79EFBC}") = "AirWaze", "AirWaze\AirWaze.csproj", "{6BE830CF-52C7-4DC1-9137-6D2969CC623B}"
EndProject
Global
	GlobalSection(SolutionConfigurationPlatforms) = preSolution
		Debug|Any CPU = Debug|Any CPU
		Release|Any CPU = Release|Any CPU
	EndGlobalSection
	GlobalSection(ProjectConfigurationPlatforms) = postSolution
		{6BE830CF-52C7-4DC1-9137-6D2969CC623B}.Debug|Any CPU.ActiveCfg = Debug|Any CPU
		{6BE830CF-52C7-4DC1-9137-6D2969CC623B}.Debug|Any CPU.Build.0 = Debug|Any CPU
		{6BE830CF-52C7-4DC1-9137-6D2969CC623B}.Release|Any CPU.ActiveCfg = Release|Any CPU
		{6BE830CF-52C7-4DC1-9137-6D2969CC623B}.Release|Any CPU.Build.0 = Release|Any CPU
	EndGlobalSection
	GlobalSection(SolutionProperties) = preSolution
		HideSolutionNode = FALSE
	EndGlobalSection
	GlobalSection(ExtensibilityGlobals) = postSolution
		SolutionGuid = {DB94C809-95E8-432A-B8E5-407A145F6221}
	EndGlobalSection
EndGlobal
